
Microsoft Visual Studio Solution File, Format Version 12.00
# Visual Studio 15
VisualStudioVersion = 15.0.27428.2005
MinimumVisualStudioVersion = 10.0.40219.1
Project("{FAE04EC0-301F-11D3-BF4B-00C04F79EFBC}") = "SharpObfuscator", "SharpObfuscator\SharpObfuscator.csproj", "{06688A12-402E-41D5-AD5F-47CA4013EE9A}"
EndProject
Global
	GlobalSection(SolutionConfigurationPlatforms) = preSolution
		Debug|Any CPU = Debug|Any CPU
		Release|Any CPU = Release|Any CPU
	EndGlobalSection
	GlobalSection(ProjectConfigurationPlatforms) = postSolution
		{06688A12-402E-41D5-AD5F-47CA4013EE9A}.Debug|Any CPU.ActiveCfg = Debug|Any CPU
		{06688A12-402E-41D5-AD5F-47CA4013EE9A}.Debug|Any CPU.Build.0 = Debug|Any CPU
		{06688A12-402E-41D5-AD5F-47CA4013EE9A}.Release|Any CPU.ActiveCfg = Release|Any CPU
		{06688A12-402E-41D5-AD5F-47CA4013EE9A}.Release|Any CPU.Build.0 = Release|Any CPU
	EndGlobalSection
	GlobalSection(SolutionProperties) = preSolution
		HideSolutionNode = FALSE
	EndGlobalSection
	GlobalSection(ExtensibilityGlobals) = postSolution
		SolutionGuid = {D5ABA92E-A38E-44B3-BD6A-1625C962996D}
	EndGlobalSection
EndGlobal
